
Microsoft Visual Studio Solution File, Format Version 12.00
# Visual Studio Version 17
VisualStudioVersion = 17.3.32922.545
MinimumVisualStudioVersion = 10.0.40219.1
Project("{FAE04EC0-301F-11D3-BF4B-00C04F79EFBC}") = "Greetings", "Lab01\Exercise_1\Greetings\Greetings.csproj", "{A9A8E3A6-3FAB-47EF-A16F-518EFB07082D}"
EndProject
Project("{FAE04EC0-301F-11D3-BF4B-00C04F79EFBC}") = "DivideIt", "Lab01\Exercise_4\DivideIt\DivideIt.csproj", "{6E1C58F0-DF65-4F37-88E6-99B525FF6D04}"
EndProject
Project("{FAE04EC0-301F-11D3-BF4B-00C04F79EFBC}") = "BankAccount", "Lab02\Exercise_1\BankAccount\BankAccount.csproj", "{509FBB59-1B19-44C4-99ED-D714E71CA3DC}"
EndProject
Project("{FAE04EC0-301F-11D3-BF4B-00C04F79EFBC}") = "StructType", "Lab02\Exercise_2\StructType\StructType.csproj", "{28FDF519-3D82-4569-96CD-6275DC1E8167}"
EndProject
Project("{FAE04EC0-301F-11D3-BF4B-00C04F79EFBC}") = "StructType_with_ReadLine", "Lab02\Exercise_3\StructType_with_ReadLine\StructType_with_ReadLine.csproj", "{CAE13DFF-4E25-474D-A2B8-168DDD6242D0}"
EndProject
Project("{FAE04EC0-301F-11D3-BF4B-00C04F79EFBC}") = "WhatDay1", "Lab03\Exercise_1\WhatDay1\WhatDay1.csproj", "{C5D14A0D-F3EA-4B88-9C7C-9F3FE826C605}"
EndProject
Project("{FAE04EC0-301F-11D3-BF4B-00C04F79EFBC}") = "WhatDay2", "Lab03\Exercise_2\WhatDay2\WhatDay2.csproj", "{077C35CF-8AE7-4938-87EE-8B3194DB9881}"
EndProject
Project("{FAE04EC0-301F-11D3-BF4B-00C04F79EFBC}") = "WhatDay3", "Lab03\Exercise_3\WhatDay3\WhatDay3.csproj", "{56369DD2-D449-4A19-ABC6-B98D78EDBFDD}"
EndProject
Project("{FAE04EC0-301F-11D3-BF4B-00C04F79EFBC}") = "Greater", "Lab04\Exercise_1\Greater\Greater.csproj", "{98A9F8D1-4E3E-48BD-9B7C-BB98777399D4}"
EndProject
Project("{FAE04EC0-301F-11D3-BF4B-00C04F79EFBC}") = "Swap", "Lab04\Exercise_2\Swap\Swap.csproj", "{A5B34FEF-47DB-4209-A3EB-C267C85184E7}"
EndProject
Project("{FAE04EC0-301F-11D3-BF4B-00C04F79EFBC}") = "Factorial", "Lab04\Exercise_3\Factorial\Factorial.csproj", "{68A8960D-A50E-4EB0-BA1F-3A16D776D575}"
EndProject
Project("{FAE04EC0-301F-11D3-BF4B-00C04F79EFBC}") = "FileDetails", "Lab05\Exercise_1\FileDetails\FileDetails.csproj", "{AC592B9A-86D2-4DAE-B568-DCB27302B2FE}"
EndProject
Project("{FAE04EC0-301F-11D3-BF4B-00C04F79EFBC}") = "CREATEACCOUNT", "Lab06\Exercise_1\CreateAccount\CREATEACCOUNT.CSPROJ", "{09F2B0E3-87D6-4978-A91B-18144A759FD7}"
EndProject
Project("{FAE04EC0-301F-11D3-BF4B-00C04F79EFBC}") = "UNIQUENUMBERS", "Lab06\Exercise_2\UniqueNumbers\UNIQUENUMBERS.CSPROJ", "{4397FCF2-87D3-43A8-AA49-5F3AA10784C1}"
EndProject
Project("{FAE04EC0-301F-11D3-BF4B-00C04F79EFBC}") = "MoreMethods", "Lab06\Exercise_3\MoreMethods\MoreMethods.csproj", "{0BDF0436-A832-45EE-92BF-E921D8C17E54}"
EndProject
Project("{FAE04EC0-301F-11D3-BF4B-00C04F79EFBC}") = "TransferFrom", "Lab07\Exercise_1\TransferFrom\TransferFrom.csproj", "{6E95212C-F1A6-48BD-BA39-062E6F66BECA}"
EndProject
Project("{FAE04EC0-301F-11D3-BF4B-00C04F79EFBC}") = "Test", "Lab07\Exercise_2\Test\Test.csproj", "{77C88E60-93AE-42F4-B293-8F4C8F9A36F7}"
EndProject
Project("{FAE04EC0-301F-11D3-BF4B-00C04F79EFBC}") = "Finalizers", "Lab08\Exercise_3\Finalizers\Finalizers.csproj", "{05C0A948-3FD6-4C22-A06B-C390330819EE}"
EndProject
Project("{FAE04EC0-301F-11D3-BF4B-00C04F79EFBC}") = "COLORTOKENISER", "Lab09\Exercise_1\COLORTOKENISER\COLORTOKENISER.CSPROJ", "{1DD8FB43-C1B3-4A94-987D-5F0D7B80779D}"
EndProject
Project("{FAE04EC0-301F-11D3-BF4B-00C04F79EFBC}") = "BANK", "Lab10\Exercise_1\BANK.CSPROJ", "{AE64DDB7-892C-4C58-AF09-1FF08C7CA0A9}"
EndProject
Project("{FAE04EC0-301F-11D3-BF4B-00C04F79EFBC}") = "BANKTransactions", "Lab10\Exercise_2\BANKTransactions.CSPROJ", "{70E5DFA8-9E07-48D5-9EBB-BFDB3FB930A6}"
EndProject
Project("{FAE04EC0-301F-11D3-BF4B-00C04F79EFBC}") = "ITMO.cscourse2022.lab10.Ex1", "Lab12\Exercise_1\ITMO.cscourse2022.lab10.Ex1.CSPROJ", "{4089DBF6-7165-46E1-B20B-27ED8BB7BD2B}"
EndProject
Project("{FAE04EC0-301F-11D3-BF4B-00C04F79EFBC}") = "ITMO.cscourse2022.lab10.Ex2", "Lab12\Exercise_2\ITMO.cscourse2022.lab10.Ex2.CSPROJ", "{2BEAF65B-2541-4D21-91C9-7B2ADACD69CC}"
EndProject
Global
	GlobalSection(SolutionConfigurationPlatforms) = preSolution
		Debug|Any CPU = Debug|Any CPU
		Release|Any CPU = Release|Any CPU
	EndGlobalSection
	GlobalSection(ProjectConfigurationPlatforms) = postSolution
		{A9A8E3A6-3FAB-47EF-A16F-518EFB07082D}.Debug|Any CPU.ActiveCfg = Debug|Any CPU
		{A9A8E3A6-3FAB-47EF-A16F-518EFB07082D}.Debug|Any CPU.Build.0 = Debug|Any CPU
		{A9A8E3A6-3FAB-47EF-A16F-518EFB07082D}.Release|Any CPU.ActiveCfg = Release|Any CPU
		{A9A8E3A6-3FAB-47EF-A16F-518EFB07082D}.Release|Any CPU.Build.0 = Release|Any CPU
		{6E1C58F0-DF65-4F37-88E6-99B525FF6D04}.Debug|Any CPU.ActiveCfg = Debug|Any CPU
		{6E1C58F0-DF65-4F37-88E6-99B525FF6D04}.Debug|Any CPU.Build.0 = Debug|Any CPU
		{6E1C58F0-DF65-4F37-88E6-99B525FF6D04}.Release|Any CPU.ActiveCfg = Release|Any CPU
		{6E1C58F0-DF65-4F37-88E6-99B525FF6D04}.Release|Any CPU.Build.0 = Release|Any CPU
		{509FBB59-1B19-44C4-99ED-D714E71CA3DC}.Debug|Any CPU.ActiveCfg = Debug|Any CPU
		{509FBB59-1B19-44C4-99ED-D714E71CA3DC}.Debug|Any CPU.Build.0 = Debug|Any CPU
		{509FBB59-1B19-44C4-99ED-D714E71CA3DC}.Release|Any CPU.ActiveCfg = Release|Any CPU
		{509FBB59-1B19-44C4-99ED-D714E71CA3DC}.Release|Any CPU.Build.0 = Release|Any CPU
		{28FDF519-3D82-4569-96CD-6275DC1E8167}.Debug|Any CPU.ActiveCfg = Debug|Any CPU
		{28FDF519-3D82-4569-96CD-6275DC1E8167}.Debug|Any CPU.Build.0 = Debug|Any CPU
		{28FDF519-3D82-4569-96CD-6275DC1E8167}.Release|Any CPU.ActiveCfg = Release|Any CPU
		{28FDF519-3D82-4569-96CD-6275DC1E8167}.Release|Any CPU.Build.0 = Release|Any CPU
		{CAE13DFF-4E25-474D-A2B8-168DDD6242D0}.Debug|Any CPU.ActiveCfg = Debug|Any CPU
		{CAE13DFF-4E25-474D-A2B8-168DDD6242D0}.Debug|Any CPU.Build.0 = Debug|Any CPU
		{CAE13DFF-4E25-474D-A2B8-168DDD6242D0}.Release|Any CPU.ActiveCfg = Release|Any CPU
		{CAE13DFF-4E25-474D-A2B8-168DDD6242D0}.Release|Any CPU.Build.0 = Release|Any CPU
		{C5D14A0D-F3EA-4B88-9C7C-9F3FE826C605}.Debug|Any CPU.ActiveCfg = Debug|Any CPU
		{C5D14A0D-F3EA-4B88-9C7C-9F3FE826C605}.Debug|Any CPU.Build.0 = Debug|Any CPU
		{C5D14A0D-F3EA-4B88-9C7C-9F3FE826C605}.Release|Any CPU.ActiveCfg = Release|Any CPU
		{C5D14A0D-F3EA-4B88-9C7C-9F3FE826C605}.Release|Any CPU.Build.0 = Release|Any CPU
		{077C35CF-8AE7-4938-87EE-8B3194DB9881}.Debug|Any CPU.ActiveCfg = Debug|Any CPU
		{077C35CF-8AE7-4938-87EE-8B3194DB9881}.Debug|Any CPU.Build.0 = Debug|Any CPU
		{077C35CF-8AE7-4938-87EE-8B3194DB9881}.Release|Any CPU.ActiveCfg = Release|Any CPU
		{077C35CF-8AE7-4938-87EE-8B3194DB9881}.Release|Any CPU.Build.0 = Release|Any CPU
		{56369DD2-D449-4A19-ABC6-B98D78EDBFDD}.Debug|Any CPU.ActiveCfg = Debug|Any CPU
		{56369DD2-D449-4A19-ABC6-B98D78EDBFDD}.Debug|Any CPU.Build.0 = Debug|Any CPU
		{56369DD2-D449-4A19-ABC6-B98D78EDBFDD}.Release|Any CPU.ActiveCfg = Release|Any CPU
		{56369DD2-D449-4A19-ABC6-B98D78EDBFDD}.Release|Any CPU.Build.0 = Release|Any CPU
		{98A9F8D1-4E3E-48BD-9B7C-BB98777399D4}.Debug|Any CPU.ActiveCfg = Debug|Any CPU
		{98A9F8D1-4E3E-48BD-9B7C-BB98777399D4}.Debug|Any CPU.Build.0 = Debug|Any CPU
		{98A9F8D1-4E3E-48BD-9B7C-BB98777399D4}.Release|Any CPU.ActiveCfg = Release|Any CPU
		{98A9F8D1-4E3E-48BD-9B7C-BB98777399D4}.Release|Any CPU.Build.0 = Release|Any CPU
		{A5B34FEF-47DB-4209-A3EB-C267C85184E7}.Debug|Any CPU.ActiveCfg = Debug|Any CPU
		{A5B34FEF-47DB-4209-A3EB-C267C85184E7}.Debug|Any CPU.Build.0 = Debug|Any CPU
		{A5B34FEF-47DB-4209-A3EB-C267C85184E7}.Release|Any CPU.ActiveCfg = Release|Any CPU
		{A5B34FEF-47DB-4209-A3EB-C267C85184E7}.Release|Any CPU.Build.0 = Release|Any CPU
		{68A8960D-A50E-4EB0-BA1F-3A16D776D575}.Debug|Any CPU.ActiveCfg = Debug|Any CPU
		{68A8960D-A50E-4EB0-BA1F-3A16D776D575}.Debug|Any CPU.Build.0 = Debug|Any CPU
		{68A8960D-A50E-4EB0-BA1F-3A16D776D575}.Release|Any CPU.ActiveCfg = Release|Any CPU
		{68A8960D-A50E-4EB0-BA1F-3A16D776D575}.Release|Any CPU.Build.0 = Release|Any CPU
		{AC592B9A-86D2-4DAE-B568-DCB27302B2FE}.Debug|Any CPU.ActiveCfg = Debug|Any CPU
		{AC592B9A-86D2-4DAE-B568-DCB27302B2FE}.Debug|Any CPU.Build.0 = Debug|Any CPU
		{AC592B9A-86D2-4DAE-B568-DCB27302B2FE}.Release|Any CPU.ActiveCfg = Release|Any CPU
		{AC592B9A-86D2-4DAE-B568-DCB27302B2FE}.Release|Any CPU.Build.0 = Release|Any CPU
		{09F2B0E3-87D6-4978-A91B-18144A759FD7}.Debug|Any CPU.ActiveCfg = Debug|Any CPU
		{09F2B0E3-87D6-4978-A91B-18144A759FD7}.Debug|Any CPU.Build.0 = Debug|Any CPU
		{09F2B0E3-87D6-4978-A91B-18144A759FD7}.Release|Any CPU.ActiveCfg = Release|Any CPU
		{09F2B0E3-87D6-4978-A91B-18144A759FD7}.Release|Any CPU.Build.0 = Release|Any CPU
		{4397FCF2-87D3-43A8-AA49-5F3AA10784C1}.Debug|Any CPU.ActiveCfg = Debug|Any CPU
		{4397FCF2-87D3-43A8-AA49-5F3AA10784C1}.Debug|Any CPU.Build.0 = Debug|Any CPU
		{4397FCF2-87D3-43A8-AA49-5F3AA10784C1}.Release|Any CPU.ActiveCfg = Release|Any CPU
		{4397FCF2-87D3-43A8-AA49-5F3AA10784C1}.Release|Any CPU.Build.0 = Release|Any CPU
		{0BDF0436-A832-45EE-92BF-E921D8C17E54}.Debug|Any CPU.ActiveCfg = Debug|Any CPU
		{0BDF0436-A832-45EE-92BF-E921D8C17E54}.Debug|Any CPU.Build.0 = Debug|Any CPU
		{0BDF0436-A832-45EE-92BF-E921D8C17E54}.Release|Any CPU.ActiveCfg = Release|Any CPU
		{0BDF0436-A832-45EE-92BF-E921D8C17E54}.Release|Any CPU.Build.0 = Release|Any CPU
		{6E95212C-F1A6-48BD-BA39-062E6F66BECA}.Debug|Any CPU.ActiveCfg = Debug|Any CPU
		{6E95212C-F1A6-48BD-BA39-062E6F66BECA}.Debug|Any CPU.Build.0 = Debug|Any CPU
		{6E95212C-F1A6-48BD-BA39-062E6F66BECA}.Release|Any CPU.ActiveCfg = Release|Any CPU
		{6E95212C-F1A6-48BD-BA39-062E6F66BECA}.Release|Any CPU.Build.0 = Release|Any CPU
		{77C88E60-93AE-42F4-B293-8F4C8F9A36F7}.Debug|Any CPU.ActiveCfg = Debug|Any CPU
		{77C88E60-93AE-42F4-B293-8F4C8F9A36F7}.Debug|Any CPU.Build.0 = Debug|Any CPU
		{77C88E60-93AE-42F4-B293-8F4C8F9A36F7}.Release|Any CPU.ActiveCfg = Release|Any CPU
		{77C88E60-93AE-42F4-B293-8F4C8F9A36F7}.Release|Any CPU.Build.0 = Release|Any CPU
		{05C0A948-3FD6-4C22-A06B-C390330819EE}.Debug|Any CPU.ActiveCfg = Debug|Any CPU
		{05C0A948-3FD6-4C22-A06B-C390330819EE}.Debug|Any CPU.Build.0 = Debug|Any CPU
		{05C0A948-3FD6-4C22-A06B-C390330819EE}.Release|Any CPU.ActiveCfg = Release|Any CPU
		{05C0A948-3FD6-4C22-A06B-C390330819EE}.Release|Any CPU.Build.0 = Release|Any CPU
		{1DD8FB43-C1B3-4A94-987D-5F0D7B80779D}.Debug|Any CPU.ActiveCfg = Debug|Any CPU
		{1DD8FB43-C1B3-4A94-987D-5F0D7B80779D}.Debug|Any CPU.Build.0 = Debug|Any CPU
		{1DD8FB43-C1B3-4A94-987D-5F0D7B80779D}.Release|Any CPU.ActiveCfg = Release|Any CPU
		{1DD8FB43-C1B3-4A94-987D-5F0D7B80779D}.Release|Any CPU.Build.0 = Release|Any CPU
		{AE64DDB7-892C-4C58-AF09-1FF08C7CA0A9}.Debug|Any CPU.ActiveCfg = Debug|Any CPU
		{AE64DDB7-892C-4C58-AF09-1FF08C7CA0A9}.Debug|Any CPU.Build.0 = Debug|Any CPU
		{AE64DDB7-892C-4C58-AF09-1FF08C7CA0A9}.Release|Any CPU.ActiveCfg = Release|Any CPU
		{AE64DDB7-892C-4C58-AF09-1FF08C7CA0A9}.Release|Any CPU.Build.0 = Release|Any CPU
		{70E5DFA8-9E07-48D5-9EBB-BFDB3FB930A6}.Debug|Any CPU.ActiveCfg = Debug|Any CPU
		{70E5DFA8-9E07-48D5-9EBB-BFDB3FB930A6}.Debug|Any CPU.Build.0 = Debug|Any CPU
		{70E5DFA8-9E07-48D5-9EBB-BFDB3FB930A6}.Release|Any CPU.ActiveCfg = Release|Any CPU
		{70E5DFA8-9E07-48D5-9EBB-BFDB3FB930A6}.Release|Any CPU.Build.0 = Release|Any CPU
		{4089DBF6-7165-46E1-B20B-27ED8BB7BD2B}.Debug|Any CPU.ActiveCfg = Debug|Any CPU
		{4089DBF6-7165-46E1-B20B-27ED8BB7BD2B}.Debug|Any CPU.Build.0 = Debug|Any CPU
		{4089DBF6-7165-46E1-B20B-27ED8BB7BD2B}.Release|Any CPU.ActiveCfg = Release|Any CPU
		{4089DBF6-7165-46E1-B20B-27ED8BB7BD2B}.Release|Any CPU.Build.0 = Release|Any CPU
		{2BEAF65B-2541-4D21-91C9-7B2ADACD69CC}.Debug|Any CPU.ActiveCfg = Debug|Any CPU
		{2BEAF65B-2541-4D21-91C9-7B2ADACD69CC}.Debug|Any CPU.Build.0 = Debug|Any CPU
		{2BEAF65B-2541-4D21-91C9-7B2ADACD69CC}.Release|Any CPU.ActiveCfg = Release|Any CPU
		{2BEAF65B-2541-4D21-91C9-7B2ADACD69CC}.Release|Any CPU.Build.0 = Release|Any CPU
	EndGlobalSection
	GlobalSection(SolutionProperties) = preSolution
		HideSolutionNode = FALSE
	EndGlobalSection
	GlobalSection(ExtensibilityGlobals) = postSolution
		SolutionGuid = {D6B2B3A1-792C-4110-9B7B-058CACC8F152}
	EndGlobalSection
EndGlobal
